{
  "version": 4,
  "terraform_version": "1.1.7",
  "serial": 361,
  "lineage": "92252e78-7b12-b32a-fa61-c019b3996c69",
  "outputs": {},
  "resources": [
    {
      "mode": "managed",
      "type": "aws_eks_cluster",
      "name": "aws_eks",
      "provider": "provider[\"registry.terraform.io/hashicorp/aws\"]",
      "instances": [
        {
          "schema_version": 0,
          "attributes": {
            "arn": "arn:aws:eks:us-east-1:537160833337:cluster/ES",
            "certificate_authority": [
              {
                "data": "LS0tLS1CRUdJTiBDRVJUSUZJQ0FURS0tLS0tCk1JSUMvakNDQWVhZ0F3SUJBZ0lCQURBTkJna3Foa2lHOXcwQkFRc0ZBREFWTVJNd0VRWURWUVFERXdwcmRXSmwKY201bGRHVnpNQjRYRFRJek1ERXlNREEyTVRBek1Gb1hEVE16TURFeE56QTJNVEF6TUZvd0ZURVRNQkVHQTFVRQpBeE1LYTNWaVpYSnVaWFJsY3pDQ0FTSXdEUVlKS29aSWh2Y05BUUVCQlFBRGdnRVBBRENDQVFvQ2dnRUJBS0pYCjFxU2NDMHVLYUtXandRN3Z5ZDRMaHUyRnNMcG5HYlA3V1NTQnB1cDVkUXllTUFlRktBWHNuWkJxSGR0dUZqTlgKTEg0bmxoS0JYbnlIN1h6elkwUS9UNTZzS2dWaUFVSDBTRiszN1Y5YUw4eFNyN1hFeXorQnM2UGl1Q29lTnhoQwpMakNOajVwZXQzMktuUnpjWEdHSU5ZNnF6Y2tnTUxjTGhQTlBNUHhacmkxQU41YXpUODk5QW1ubXRaODFWZ1JYCmVtUGl6bXUyL0tPYnVEanB1dVUyZ3NCSXRVZHhRS0g2ZXcxT1lSa1p5L1RJbVBxdm5uS0ZZaU1GSUc1WmpvU2oKQjBpdEFXSCtKVVRpWXEwejNVbm1sSHMzMHZxMzlSdHVQWXUwSG5INkVZMkhIWWxUc2hzNDY0L0J6SG1TazFSSQpKbWdVVWV1L2dlZkRJNThDQlVNQ0F3RUFBYU5aTUZjd0RnWURWUjBQQVFIL0JBUURBZ0trTUE4R0ExVWRFd0VCCi93UUZNQU1CQWY4d0hRWURWUjBPQkJZRUZDNWN1b2lnTjZ5OXhPTmF0THhlNDNWczBGTHlNQlVHQTFVZEVRUU8KTUF5Q0NtdDFZbVZ5Ym1WMFpYTXdEUVlKS29aSWh2Y05BUUVMQlFBRGdnRUJBSlk1eTFESnEwZnRKLzBldkdPLwplR1hmZGt2UnN1eHoraXdRWlNndlhIZGpTTGdQZ1hQY2Y1WXNwb1BhQzlubCs0UEJodkV5bFEvZUlybXFqVHl5CmdJVVpuVzlJbll2R0JMbnhOZFpBdEtuYnNvdmZKenR0L2FoQ05hQjVQUWdtd0hKRTRPL1NEMkkyVWFtOFM2R3QKeFpPd1FmUEgyWnI0dHVzSHR6bW81M1BuaUROWkViams0eHM2engxR0FSbG9kYmsyeTNSVGRic3RscTJuRDBwLwoycW1YTy93Tm9NbHppQWVMR29UYm0zUGRXaHYyVGhYUWNNbE03dzdrcWNINk02RE1ZbHFCT2lEYXpaNVZpaWl0Ck55QmxnSnFRdU1oQ3Q1VUJDT0VhWWw2MkNUTEFxKzQ3Z3FIaWVZMHBzZ285aVdmVmtOM2tYZjMwRHJGWWFqRTIKYTVZPQotLS0tLUVORCBDRVJUSUZJQ0FURS0tLS0tCg=="
              }
            ],
            "created_at": "2023-01-20 06:03:37.608 +0000 UTC",
            "enabled_cluster_log_types": null,
            "encryption_config": [],
            "endpoint": "https://CD00655A67E48372D664A74EA99099EE.gr7.us-east-1.eks.amazonaws.com",
            "id": "ES",
            "identity": [
              {
                "oidc": [
                  {
                    "issuer": "https://oidc.eks.us-east-1.amazonaws.com/id/CD00655A67E48372D664A74EA99099EE"
                  }
                ]
              }
            ],
            "kubernetes_network_config": [
              {
                "service_ipv4_cidr": "10.100.0.0/16"
              }
            ],
            "name": "ES",
            "platform_version": "eks.5",
            "role_arn": "arn:aws:iam::537160833337:role/eks-cluster",
            "status": "ACTIVE",
            "tags": {
              "Name": "EKS_tuto"
            },
            "tags_all": {
              "Name": "EKS_tuto"
            },
            "timeouts": null,
            "version": "1.23",
            "vpc_config": [
              {
                "cluster_security_group_id": "sg-0f97445c5c47fdddc",
                "endpoint_private_access": false,
                "endpoint_public_access": true,
                "public_access_cidrs": [
                  "0.0.0.0/0"
                ],
                "security_group_ids": null,
                "subnet_ids": [
                  "subnet-0f1dea240b7e68d68",
                  "subnet-0faded65ab2c9903d"
                ],
                "vpc_id": "vpc-02064b8adfe415b36"
              }
            ]
          },
          "sensitive_attributes": [],
          "private": "eyJlMmJmYjczMC1lY2FhLTExZTYtOGY4OC0zNDM2M2JjN2M0YzAiOnsiY3JlYXRlIjoxODAwMDAwMDAwMDAwLCJkZWxldGUiOjkwMDAwMDAwMDAwMCwidXBkYXRlIjozNjAwMDAwMDAwMDAwfX0=",
          "dependencies": [
            "aws_iam_role.eks_cluster"
          ]
        }
      ]
    },
    {
      "mode": "managed",
      "type": "aws_eks_node_group",
      "name": "node",
      "provider": "provider[\"registry.terraform.io/hashicorp/aws\"]",
      "instances": [
        {
          "schema_version": 0,
          "attributes": {
            "ami_type": "AL2_x86_64",
            "arn": "arn:aws:eks:us-east-1:537160833337:nodegroup/ES/node_group/1ec2e6e7-ff57-76c5-9f03-1bec64699967",
            "capacity_type": "ON_DEMAND",
            "cluster_name": "ES",
            "disk_size": 20,
            "force_update_version": null,
            "id": "ES:node_group",
            "instance_types": [
              "t3.medium"
            ],
            "labels": null,
            "launch_template": [],
            "node_group_name": "node_group",
            "node_group_name_prefix": "",
            "node_role_arn": "arn:aws:iam::537160833337:role/ES_node_group",
            "release_version": "1.23.13-20230105",
            "remote_access": [],
            "resources": [
              {
                "autoscaling_groups": [
                  {
                    "name": "eks-node_group-1ec2e6e7-ff57-76c5-9f03-1bec64699967"
                  }
                ],
                "remote_access_security_group_id": ""
              }
            ],
            "scaling_config": [
              {
                "desired_size": 3,
                "max_size": 3,
                "min_size": 1
              }
            ],
            "status": "ACTIVE",
            "subnet_ids": [
              "subnet-0f1dea240b7e68d68",
              "subnet-0faded65ab2c9903d"
            ],
            "tags": null,
            "tags_all": {},
            "taint": [],
            "timeouts": null,
            "update_config": [
              {
                "max_unavailable": 1,
                "max_unavailable_percentage": 0
              }
            ],
            "version": "1.23"
          },
          "sensitive_attributes": [],
          "private": "eyJlMmJmYjczMC1lY2FhLTExZTYtOGY4OC0zNDM2M2JjN2M0YzAiOnsiY3JlYXRlIjozNjAwMDAwMDAwMDAwLCJkZWxldGUiOjM2MDAwMDAwMDAwMDAsInVwZGF0ZSI6MzYwMDAwMDAwMDAwMH19",
          "dependencies": [
            "aws_eks_cluster.aws_eks",
            "aws_iam_role.eks_cluster",
            "aws_iam_role.eks_nodes",
            "aws_iam_role_policy_attachment.AmazonEC2ContainerRegistryReadOnly",
            "aws_iam_role_policy_attachment.AmazonEKSWorkerNodePolicy",
            "aws_iam_role_policy_attachment.AmazonEKS_CNI_Policy"
          ]
        }
      ]
    },
    {
      "mode": "managed",
      "type": "aws_iam_role",
      "name": "eks_cluster",
      "provider": "provider[\"registry.terraform.io/hashicorp/aws\"]",
      "instances": [
        {
          "schema_version": 0,
          "attributes": {
            "arn": "arn:aws:iam::537160833337:role/eks-cluster",
            "assume_role_policy": "{\"Version\":\"2012-10-17\",\"Statement\":[{\"Effect\":\"Allow\",\"Principal\":{\"Service\":\"eks.amazonaws.com\"},\"Action\":\"sts:AssumeRole\"}]}",
            "create_date": "2023-01-20T06:03:29Z",
            "description": "",
            "force_detach_policies": false,
            "id": "eks-cluster",
            "inline_policy": [
              {
                "name": "",
                "policy": ""
              }
            ],
            "managed_policy_arns": [],
            "max_session_duration": 3600,
            "name": "eks-cluster",
            "name_prefix": "",
            "path": "/",
            "permissions_boundary": null,
            "tags": null,
            "tags_all": {},
            "unique_id": "AROAX2EKH3E4XDDDM5B6Q"
          },
          "sensitive_attributes": [],
          "private": "bnVsbA=="
        }
      ]
    },
    {
      "mode": "managed",
      "type": "aws_iam_role",
      "name": "eks_nodes",
      "provider": "provider[\"registry.terraform.io/hashicorp/aws\"]",
      "instances": [
        {
          "schema_version": 0,
          "attributes": {
            "arn": "arn:aws:iam::537160833337:role/ES_node_group",
            "assume_role_policy": "{\"Version\":\"2012-10-17\",\"Statement\":[{\"Effect\":\"Allow\",\"Principal\":{\"Service\":\"ec2.amazonaws.com\"},\"Action\":\"sts:AssumeRole\"}]}",
            "create_date": "2023-01-20T06:03:29Z",
            "description": "",
            "force_detach_policies": false,
            "id": "ES_node_group",
            "inline_policy": [
              {
                "name": "",
                "policy": ""
              }
            ],
            "managed_policy_arns": [],
            "max_session_duration": 3600,
            "name": "ES_node_group",
            "name_prefix": "",
            "path": "/",
            "permissions_boundary": null,
            "tags": null,
            "tags_all": {},
            "unique_id": "AROAX2EKH3E4T5BBG7Z4A"
          },
          "sensitive_attributes": [],
          "private": "bnVsbA=="
        }
      ]
    },
    {
      "mode": "managed",
      "type": "aws_iam_role_policy_attachment",
      "name": "AmazonEC2ContainerRegistryReadOnly",
      "provider": "provider[\"registry.terraform.io/hashicorp/aws\"]",
      "instances": [
        {
          "schema_version": 0,
          "attributes": {
            "id": "ES_node_group-20230120060336630200000005",
            "policy_arn": "arn:aws:iam::aws:policy/AmazonEC2ContainerRegistryReadOnly",
            "role": "ES_node_group"
          },
          "sensitive_attributes": [],
          "private": "bnVsbA==",
          "dependencies": [
            "aws_iam_role.eks_nodes"
          ]
        }
      ]
    },
    {
      "mode": "managed",
      "type": "aws_iam_role_policy_attachment",
      "name": "AmazonEKSClusterPolicy",
      "provider": "provider[\"registry.terraform.io/hashicorp/aws\"]",
      "instances": [
        {
          "schema_version": 0,
          "attributes": {
            "id": "eks-cluster-20230120060336608700000004",
            "policy_arn": "arn:aws:iam::aws:policy/AmazonEKSClusterPolicy",
            "role": "eks-cluster"
          },
          "sensitive_attributes": [],
          "private": "bnVsbA==",
          "dependencies": [
            "aws_iam_role.eks_cluster"
          ]
        }
      ]
    },
    {
      "mode": "managed",
      "type": "aws_iam_role_policy_attachment",
      "name": "AmazonEKSServicePolicy",
      "provider": "provider[\"registry.terraform.io/hashicorp/aws\"]",
      "instances": [
        {
          "schema_version": 0,
          "attributes": {
            "id": "eks-cluster-20230120060336608700000003",
            "policy_arn": "arn:aws:iam::aws:policy/AmazonEKSServicePolicy",
            "role": "eks-cluster"
          },
          "sensitive_attributes": [],
          "private": "bnVsbA==",
          "dependencies": [
            "aws_iam_role.eks_cluster"
          ]
        }
      ]
    },
    {
      "mode": "managed",
      "type": "aws_iam_role_policy_attachment",
      "name": "AmazonEKSWorkerNodePolicy",
      "provider": "provider[\"registry.terraform.io/hashicorp/aws\"]",
      "instances": [
        {
          "schema_version": 0,
          "attributes": {
            "id": "ES_node_group-20230120060336600200000002",
            "policy_arn": "arn:aws:iam::aws:policy/AmazonEKSWorkerNodePolicy",
            "role": "ES_node_group"
          },
          "sensitive_attributes": [],
          "private": "bnVsbA==",
          "dependencies": [
            "aws_iam_role.eks_nodes"
          ]
        }
      ]
    },
    {
      "mode": "managed",
      "type": "aws_iam_role_policy_attachment",
      "name": "AmazonEKS_CNI_Policy",
      "provider": "provider[\"registry.terraform.io/hashicorp/aws\"]",
      "instances": [
        {
          "schema_version": 0,
          "attributes": {
            "id": "ES_node_group-20230120060336595400000001",
            "policy_arn": "arn:aws:iam::aws:policy/AmazonEKS_CNI_Policy",
            "role": "ES_node_group"
          },
          "sensitive_attributes": [],
          "private": "bnVsbA==",
          "dependencies": [
            "aws_iam_role.eks_nodes"
          ]
        }
      ]
    }
  ]
}
